
Microsoft Visual Studio Solution File, Format Version 12.00
# Visual Studio 2012
Project("{FAE04EC0-301F-11D3-BF4B-00C04F79EFBC}") = "ProjNET", "ProjNET\ProjNET.csproj", "{E028BDD2-55E1-4E5F-BE31-35FAEC8D6428}"
EndProject
Project("{FAE04EC0-301F-11D3-BF4B-00C04F79EFBC}") = "ShapeFileReader.Test", "ShapeFileReader.Test\ShapeFileReader.Test.csproj", "{0DAB012D-3C6A-4BFF-BFCE-EA87FFA79122}"
EndProject
Project("{2150E333-8FDC-42A3-9474-1A3956D46DE8}") = "10 - Dependencies", "10 - Dependencies", "{47E3831E-B27B-46BC-B575-1FD970E95269}"
EndProject
Project("{FAE04EC0-301F-11D3-BF4B-00C04F79EFBC}") = "GeoAPI", "GeoAPI\GeoAPI.csproj", "{FFB69466-79DE-466A-ADA7-5C47C5C5CA3A}"
EndProject
Project("{FAE04EC0-301F-11D3-BF4B-00C04F79EFBC}") = "ShapefileReader", "Catfood.Shapefile\ShapefileReader.csproj", "{2086F1A5-3D34-40AD-80EF-C1943411451F}"
EndProject
Project("{2150E333-8FDC-42A3-9474-1A3956D46DE8}") = "20 - Shapefile reader", "20 - Shapefile reader", "{013E6E02-DFAD-42BD-A8D3-2EEAAE7418FF}"
EndProject
Project("{2150E333-8FDC-42A3-9474-1A3956D46DE8}") = "30 - NetTopology", "30 - NetTopology", "{124A8B9E-85BA-4F69-83FB-0C559496EEA3}"
EndProject
Project("{FAE04EC0-301F-11D3-BF4B-00C04F79EFBC}") = "PowerCollections", "PowerCollections\PowerCollections.csproj", "{5821977D-AC2C-4912-BCD0-6E6B1A756167}"
EndProject
Project("{FAE04EC0-301F-11D3-BF4B-00C04F79EFBC}") = "NetTopologySuite", "NetTopologySuite\NetTopologySuite.csproj", "{5770DAA9-84E5-4770-AF43-F6B815894368}"
EndProject
Project("{FAE04EC0-301F-11D3-BF4B-00C04F79EFBC}") = "NetTopologySuite.IO.GeoTools", "NetTopologySuite.IO.GeoTools\NetTopologySuite.IO.GeoTools.csproj", "{21805958-869E-49F5-A4ED-0AC8599D62F0}"
EndProject
Project("{2150E333-8FDC-42A3-9474-1A3956D46DE8}") = "90 - Tests", "90 - Tests", "{A6BD25CF-5FA5-4C92-920C-6D9CA4D1D039}"
EndProject
Project("{2150E333-8FDC-42A3-9474-1A3956D46DE8}") = "40 - Wrapper", "40 - Wrapper", "{58B7BEE4-A2A7-4F0D-9259-B1838BB9C9D8}"
EndProject
Global
	GlobalSection(SolutionConfigurationPlatforms) = preSolution
		Debug|Any CPU = Debug|Any CPU
		Release|Any CPU = Release|Any CPU
	EndGlobalSection
	GlobalSection(ProjectConfigurationPlatforms) = postSolution
		{E028BDD2-55E1-4E5F-BE31-35FAEC8D6428}.Debug|Any CPU.ActiveCfg = Debug|Any CPU
		{E028BDD2-55E1-4E5F-BE31-35FAEC8D6428}.Debug|Any CPU.Build.0 = Debug|Any CPU
		{E028BDD2-55E1-4E5F-BE31-35FAEC8D6428}.Release|Any CPU.ActiveCfg = Release|Any CPU
		{E028BDD2-55E1-4E5F-BE31-35FAEC8D6428}.Release|Any CPU.Build.0 = Release|Any CPU
		{0DAB012D-3C6A-4BFF-BFCE-EA87FFA79122}.Debug|Any CPU.ActiveCfg = Debug|Any CPU
		{0DAB012D-3C6A-4BFF-BFCE-EA87FFA79122}.Debug|Any CPU.Build.0 = Debug|Any CPU
		{0DAB012D-3C6A-4BFF-BFCE-EA87FFA79122}.Release|Any CPU.ActiveCfg = Release|Any CPU
		{0DAB012D-3C6A-4BFF-BFCE-EA87FFA79122}.Release|Any CPU.Build.0 = Release|Any CPU
		{FFB69466-79DE-466A-ADA7-5C47C5C5CA3A}.Debug|Any CPU.ActiveCfg = Debug|Any CPU
		{FFB69466-79DE-466A-ADA7-5C47C5C5CA3A}.Debug|Any CPU.Build.0 = Debug|Any CPU
		{FFB69466-79DE-466A-ADA7-5C47C5C5CA3A}.Release|Any CPU.ActiveCfg = Release|Any CPU
		{FFB69466-79DE-466A-ADA7-5C47C5C5CA3A}.Release|Any CPU.Build.0 = Release|Any CPU
		{2086F1A5-3D34-40AD-80EF-C1943411451F}.Debug|Any CPU.ActiveCfg = Debug|Any CPU
		{2086F1A5-3D34-40AD-80EF-C1943411451F}.Debug|Any CPU.Build.0 = Debug|Any CPU
		{2086F1A5-3D34-40AD-80EF-C1943411451F}.Release|Any CPU.ActiveCfg = Release|Any CPU
		{2086F1A5-3D34-40AD-80EF-C1943411451F}.Release|Any CPU.Build.0 = Release|Any CPU
		{5821977D-AC2C-4912-BCD0-6E6B1A756167}.Debug|Any CPU.ActiveCfg = Debug|Any CPU
		{5821977D-AC2C-4912-BCD0-6E6B1A756167}.Debug|Any CPU.Build.0 = Debug|Any CPU
		{5821977D-AC2C-4912-BCD0-6E6B1A756167}.Release|Any CPU.ActiveCfg = Release|Any CPU
		{5821977D-AC2C-4912-BCD0-6E6B1A756167}.Release|Any CPU.Build.0 = Release|Any CPU
		{5770DAA9-84E5-4770-AF43-F6B815894368}.Debug|Any CPU.ActiveCfg = Debug|Any CPU
		{5770DAA9-84E5-4770-AF43-F6B815894368}.Debug|Any CPU.Build.0 = Debug|Any CPU
		{5770DAA9-84E5-4770-AF43-F6B815894368}.Release|Any CPU.ActiveCfg = Release|Any CPU
		{5770DAA9-84E5-4770-AF43-F6B815894368}.Release|Any CPU.Build.0 = Release|Any CPU
		{21805958-869E-49F5-A4ED-0AC8599D62F0}.Debug|Any CPU.ActiveCfg = Debug|Any CPU
		{21805958-869E-49F5-A4ED-0AC8599D62F0}.Debug|Any CPU.Build.0 = Debug|Any CPU
		{21805958-869E-49F5-A4ED-0AC8599D62F0}.Release|Any CPU.ActiveCfg = Release|Any CPU
		{21805958-869E-49F5-A4ED-0AC8599D62F0}.Release|Any CPU.Build.0 = Release|Any CPU
	EndGlobalSection
	GlobalSection(SolutionProperties) = preSolution
		HideSolutionNode = FALSE
	EndGlobalSection
	GlobalSection(NestedProjects) = preSolution
		{E028BDD2-55E1-4E5F-BE31-35FAEC8D6428} = {47E3831E-B27B-46BC-B575-1FD970E95269}
		{FFB69466-79DE-466A-ADA7-5C47C5C5CA3A} = {47E3831E-B27B-46BC-B575-1FD970E95269}
		{2086F1A5-3D34-40AD-80EF-C1943411451F} = {013E6E02-DFAD-42BD-A8D3-2EEAAE7418FF}
		{5770DAA9-84E5-4770-AF43-F6B815894368} = {124A8B9E-85BA-4F69-83FB-0C559496EEA3}
		{5821977D-AC2C-4912-BCD0-6E6B1A756167} = {124A8B9E-85BA-4F69-83FB-0C559496EEA3}
		{21805958-869E-49F5-A4ED-0AC8599D62F0} = {124A8B9E-85BA-4F69-83FB-0C559496EEA3}
		{0DAB012D-3C6A-4BFF-BFCE-EA87FFA79122} = {A6BD25CF-5FA5-4C92-920C-6D9CA4D1D039}
	EndGlobalSection
EndGlobal
